[[package]]
name = "orjson"
version = "3.8.2"
description = "Fast, correct Python JSON library supporting dataclasses, datetimes, and numpy"
category = "main"
optional = false
python-versions = ">=3.7"

[[package]]
name = "websockets"
version = "10.4"
description = "An implementation of the WebSocket Protocol (RFC 6455 & 7692)"
category = "main"
optional = false
python-versions = ">=3.7"

[metadata]
lock-version = "1.1"
python-versions = ">=3.8"
content-hash = "37accde874b1f8e74221ecfbc5355e142fcf53377ee2f4f179b595df798c8235"

[metadata.files]
orjson = []
websockets = []
